
Microsoft Visual Studio Solution File, Format Version 12.00
# Visual Studio 15
VisualStudioVersion = 15.0.28010.2036
MinimumVisualStudioVersion = 10.0.40219.1
Project("{8BC9CEB8-8B4A-11D0-8D11-00A0C91BC942}") = "P15", "P15\P15.vcxproj", "{332637A2-8D4E-445C-85A5-C90BB7FE147A}"
EndProject
Global
	GlobalSection(SolutionConfigurationPlatforms) = preSolution
		Debug|x64 = Debug|x64
		Debug|x86 = Debug|x86
		Release|x64 = Release|x64
		Release|x86 = Release|x86
	EndGlobalSection
	GlobalSection(ProjectConfigurationPlatforms) = postSolution
		{332637A2-8D4E-445C-85A5-C90BB7FE147A}.Debug|x64.ActiveCfg = Debug|x64
		{332637A2-8D4E-445C-85A5-C90BB7FE147A}.Debug|x64.Build.0 = Debug|x64
		{332637A2-8D4E-445C-85A5-C90BB7FE147A}.Debug|x86.ActiveCfg = Debug|Win32
		{332637A2-8D4E-445C-85A5-C90BB7FE147A}.Debug|x86.Build.0 = Debug|Win32
		{332637A2-8D4E-445C-85A5-C90BB7FE147A}.Release|x64.ActiveCfg = Release|x64
		{332637A2-8D4E-445C-85A5-C90BB7FE147A}.Release|x64.Build.0 = Release|x64
		{332637A2-8D4E-445C-85A5-C90BB7FE147A}.Release|x86.ActiveCfg = Release|Win32
		{332637A2-8D4E-445C-85A5-C90BB7FE147A}.Release|x86.Build.0 = Release|Win32
	EndGlobalSection
	GlobalSection(SolutionProperties) = preSolution
		HideSolutionNode = FALSE
	EndGlobalSection
	GlobalSection(ExtensibilityGlobals) = postSolution
		SolutionGuid = {B4D1C330-C677-4FF3-A452-1FC570EF6DB7}
	EndGlobalSection
EndGlobal
