
Microsoft Visual Studio Solution File, Format Version 12.00
# Visual Studio 15
VisualStudioVersion = 15.0.28010.2036
MinimumVisualStudioVersion = 10.0.40219.1
Project("{8BC9CEB8-8B4A-11D0-8D11-00A0C91BC942}") = "P13", "P13\P13.vcxproj", "{C67E2B68-F575-4FFC-B35A-4108568B0EE6}"
EndProject
Global
	GlobalSection(SolutionConfigurationPlatforms) = preSolution
		Debug|x64 = Debug|x64
		Debug|x86 = Debug|x86
		Release|x64 = Release|x64
		Release|x86 = Release|x86
	EndGlobalSection
	GlobalSection(ProjectConfigurationPlatforms) = postSolution
		{C67E2B68-F575-4FFC-B35A-4108568B0EE6}.Debug|x64.ActiveCfg = Debug|x64
		{C67E2B68-F575-4FFC-B35A-4108568B0EE6}.Debug|x64.Build.0 = Debug|x64
		{C67E2B68-F575-4FFC-B35A-4108568B0EE6}.Debug|x86.ActiveCfg = Debug|Win32
		{C67E2B68-F575-4FFC-B35A-4108568B0EE6}.Debug|x86.Build.0 = Debug|Win32
		{C67E2B68-F575-4FFC-B35A-4108568B0EE6}.Release|x64.ActiveCfg = Release|x64
		{C67E2B68-F575-4FFC-B35A-4108568B0EE6}.Release|x64.Build.0 = Release|x64
		{C67E2B68-F575-4FFC-B35A-4108568B0EE6}.Release|x86.ActiveCfg = Release|Win32
		{C67E2B68-F575-4FFC-B35A-4108568B0EE6}.Release|x86.Build.0 = Release|Win32
	EndGlobalSection
	GlobalSection(SolutionProperties) = preSolution
		HideSolutionNode = FALSE
	EndGlobalSection
	GlobalSection(ExtensibilityGlobals) = postSolution
		SolutionGuid = {FE534CDC-8991-4CB6-8D92-B266B13B4ED6}
	EndGlobalSection
EndGlobal
