
Microsoft Visual Studio Solution File, Format Version 12.00
# Visual Studio 15
VisualStudioVersion = 15.0.28010.2036
MinimumVisualStudioVersion = 10.0.40219.1
Project("{8BC9CEB8-8B4A-11D0-8D11-00A0C91BC942}") = "P25", "P25\P25.vcxproj", "{88369A83-EACE-4977-A642-0BA3256357AE}"
EndProject
Global
	GlobalSection(SolutionConfigurationPlatforms) = preSolution
		Debug|x64 = Debug|x64
		Debug|x86 = Debug|x86
		Release|x64 = Release|x64
		Release|x86 = Release|x86
	EndGlobalSection
	GlobalSection(ProjectConfigurationPlatforms) = postSolution
		{88369A83-EACE-4977-A642-0BA3256357AE}.Debug|x64.ActiveCfg = Debug|x64
		{88369A83-EACE-4977-A642-0BA3256357AE}.Debug|x64.Build.0 = Debug|x64
		{88369A83-EACE-4977-A642-0BA3256357AE}.Debug|x86.ActiveCfg = Debug|Win32
		{88369A83-EACE-4977-A642-0BA3256357AE}.Debug|x86.Build.0 = Debug|Win32
		{88369A83-EACE-4977-A642-0BA3256357AE}.Release|x64.ActiveCfg = Release|x64
		{88369A83-EACE-4977-A642-0BA3256357AE}.Release|x64.Build.0 = Release|x64
		{88369A83-EACE-4977-A642-0BA3256357AE}.Release|x86.ActiveCfg = Release|Win32
		{88369A83-EACE-4977-A642-0BA3256357AE}.Release|x86.Build.0 = Release|Win32
	EndGlobalSection
	GlobalSection(SolutionProperties) = preSolution
		HideSolutionNode = FALSE
	EndGlobalSection
	GlobalSection(ExtensibilityGlobals) = postSolution
		SolutionGuid = {5962F4D9-A2AE-4630-B9D6-D9E2DB39C88A}
	EndGlobalSection
EndGlobal
